
Microsoft Visual Studio Solution File, Format Version 12.00
# Visual Studio Version 16
VisualStudioVersion = 16.0.31112.23
MinimumVisualStudioVersion = 10.0.40219.1
Project("{FAE04EC0-301F-11D3-BF4B-00C04F79EFBC}") = "IpRateLimiting", "IpRateLimiting\IpRateLimiting.csproj", "{DA40B776-93D9-4928-81A3-948EDD7830C1}"
EndProject
Global
	GlobalSection(SolutionConfigurationPlatforms) = preSolution
		Debug|Any CPU = Debug|Any CPU
		Release|Any CPU = Release|Any CPU
	EndGlobalSection
	GlobalSection(ProjectConfigurationPlatforms) = postSolution
		{DA40B776-93D9-4928-81A3-948EDD7830C1}.Debug|Any CPU.ActiveCfg = Debug|Any CPU
		{DA40B776-93D9-4928-81A3-948EDD7830C1}.Debug|Any CPU.Build.0 = Debug|Any CPU
		{DA40B776-93D9-4928-81A3-948EDD7830C1}.Release|Any CPU.ActiveCfg = Release|Any CPU
		{DA40B776-93D9-4928-81A3-948EDD7830C1}.Release|Any CPU.Build.0 = Release|Any CPU
	EndGlobalSection
	GlobalSection(SolutionProperties) = preSolution
		HideSolutionNode = FALSE
	EndGlobalSection
	GlobalSection(ExtensibilityGlobals) = postSolution
		SolutionGuid = {E8346B46-0D0A-42D1-BA42-47603CC7DF4B}
	EndGlobalSection
EndGlobal
